
Microsoft Visual Studio Solution File, Format Version 12.00
# Visual Studio Version 16
VisualStudioVersion = 16.0.809.2
MinimumVisualStudioVersion = 10.0.40219.1
Project("{FAE04EC0-301F-11D3-BF4B-00C04F79EFBC}") = "CKafkaProducerDemo", "CKafkaProducerDemo\CKafkaProducerDemo.csproj", "{1D2B3D3E-1C8F-4424-99B3-17C09225F3F8}"
EndProject
Project("{D954291E-2A0B-460D-934E-DC6B0785DB48}") = "Luobu.CKafkaClient", "..\Luobu.CKafkaClient\Luobu.CKafkaClient\Luobu.CKafkaClient.shproj", "{A4506C6A-C7C4-49D8-BEFB-94CAD597B774}"
EndProject
Global
	GlobalSection(SolutionConfigurationPlatforms) = preSolution
		Debug|Any CPU = Debug|Any CPU
		Release|Any CPU = Release|Any CPU
	EndGlobalSection
	GlobalSection(ProjectConfigurationPlatforms) = postSolution
		{1D2B3D3E-1C8F-4424-99B3-17C09225F3F8}.Debug|Any CPU.ActiveCfg = Debug|Any CPU
		{1D2B3D3E-1C8F-4424-99B3-17C09225F3F8}.Debug|Any CPU.Build.0 = Debug|Any CPU
		{1D2B3D3E-1C8F-4424-99B3-17C09225F3F8}.Release|Any CPU.ActiveCfg = Release|Any CPU
		{1D2B3D3E-1C8F-4424-99B3-17C09225F3F8}.Release|Any CPU.Build.0 = Release|Any CPU
	EndGlobalSection
	GlobalSection(SolutionProperties) = preSolution
		HideSolutionNode = FALSE
	EndGlobalSection
	GlobalSection(ExtensibilityGlobals) = postSolution
		SolutionGuid = {1D53A563-000B-4B0C-9208-0AEA13308AD6}
	EndGlobalSection
EndGlobal
