
Microsoft Visual Studio Solution File, Format Version 12.00
# Visual Studio Version 16
VisualStudioVersion = 16.0.809.2
MinimumVisualStudioVersion = 10.0.40219.1
Project("{FAE04EC0-301F-11D3-BF4B-00C04F79EFBC}") = "CKafkaConsumerDemo", "CKafkaConsumerDemo\CKafkaConsumerDemo.csproj", "{165C232F-69D4-4D73-963B-F193791FBFEC}"
EndProject
Project("{FAE04EC0-301F-11D3-BF4B-00C04F79EFBC}") = "Luobu.CKafka", "..\..\web\Assemblies\Luobu.CKafka\Luobu.CKafka\Luobu.CKafka.csproj", "{77A4A9E8-59CD-4B56-BCCD-3266D3F846D5}"
EndProject
Global
	GlobalSection(SolutionConfigurationPlatforms) = preSolution
		Debug|Any CPU = Debug|Any CPU
		Release|Any CPU = Release|Any CPU
	EndGlobalSection
	GlobalSection(ProjectConfigurationPlatforms) = postSolution
		{165C232F-69D4-4D73-963B-F193791FBFEC}.Debug|Any CPU.ActiveCfg = Debug|Any CPU
		{165C232F-69D4-4D73-963B-F193791FBFEC}.Debug|Any CPU.Build.0 = Debug|Any CPU
		{165C232F-69D4-4D73-963B-F193791FBFEC}.Release|Any CPU.ActiveCfg = Release|Any CPU
		{165C232F-69D4-4D73-963B-F193791FBFEC}.Release|Any CPU.Build.0 = Release|Any CPU
		{77A4A9E8-59CD-4B56-BCCD-3266D3F846D5}.Debug|Any CPU.ActiveCfg = Debug|Any CPU
		{77A4A9E8-59CD-4B56-BCCD-3266D3F846D5}.Debug|Any CPU.Build.0 = Debug|Any CPU
		{77A4A9E8-59CD-4B56-BCCD-3266D3F846D5}.Release|Any CPU.ActiveCfg = Release|Any CPU
		{77A4A9E8-59CD-4B56-BCCD-3266D3F846D5}.Release|Any CPU.Build.0 = Release|Any CPU
	EndGlobalSection
	GlobalSection(SolutionProperties) = preSolution
		HideSolutionNode = FALSE
	EndGlobalSection
	GlobalSection(ExtensibilityGlobals) = postSolution
		SolutionGuid = {655916FE-EAE5-4DD0-B039-4B32426F56B8}
	EndGlobalSection
EndGlobal
