
Microsoft Visual Studio Solution File, Format Version 12.00
# Visual Studio Version 16
VisualStudioVersion = 16.0.809.2
MinimumVisualStudioVersion = 10.0.40219.1
Project("{FAE04EC0-301F-11D3-BF4B-00C04F79EFBC}") = "CkafkaConsumer", "CkafkaConsumer\CkafkaConsumer.csproj", "{C6A52F1F-CE1F-41DF-A332-58D8DEA0EC97}"
EndProject
Project("{FAE04EC0-301F-11D3-BF4B-00C04F79EFBC}") = "Luobu.Ckafka", "..\Luobu.Ckafka\Luobu.Ckafka\Luobu.Ckafka.csproj", "{F53CAAAC-42F9-43B7-BFF8-C371F7FA444C}"
EndProject
Global
	GlobalSection(SolutionConfigurationPlatforms) = preSolution
		Debug|Any CPU = Debug|Any CPU
		Release|Any CPU = Release|Any CPU
	EndGlobalSection
	GlobalSection(ProjectConfigurationPlatforms) = postSolution
		{C6A52F1F-CE1F-41DF-A332-58D8DEA0EC97}.Debug|Any CPU.ActiveCfg = Debug|Any CPU
		{C6A52F1F-CE1F-41DF-A332-58D8DEA0EC97}.Debug|Any CPU.Build.0 = Debug|Any CPU
		{C6A52F1F-CE1F-41DF-A332-58D8DEA0EC97}.Release|Any CPU.ActiveCfg = Release|Any CPU
		{C6A52F1F-CE1F-41DF-A332-58D8DEA0EC97}.Release|Any CPU.Build.0 = Release|Any CPU
		{F53CAAAC-42F9-43B7-BFF8-C371F7FA444C}.Debug|Any CPU.ActiveCfg = Debug|Any CPU
		{F53CAAAC-42F9-43B7-BFF8-C371F7FA444C}.Debug|Any CPU.Build.0 = Debug|Any CPU
		{F53CAAAC-42F9-43B7-BFF8-C371F7FA444C}.Release|Any CPU.ActiveCfg = Release|Any CPU
		{F53CAAAC-42F9-43B7-BFF8-C371F7FA444C}.Release|Any CPU.Build.0 = Release|Any CPU
	EndGlobalSection
	GlobalSection(SolutionProperties) = preSolution
		HideSolutionNode = FALSE
	EndGlobalSection
	GlobalSection(ExtensibilityGlobals) = postSolution
		SolutionGuid = {FCED3561-D913-4E4B-BA81-31656DF57619}
	EndGlobalSection
EndGlobal
